// !$*UTF8*$!
{
	archiveVersion = 1;
	classes = {
	};
	objectVersion = 55;
	objects = {

/* Begin PBXBuildFile section */
		098E30DE952BF30057CC86B3 /* Pods_GoodWeather.framework in Frameworks */ = {isa = PBXBuildFile; fileRef = BE130C72DC06F22A11450C33 /* Pods_GoodWeather.framework */; };
		D2D1703ED3CAD16076958446 /* Pods_GoodWeatherTests.framework in Frameworks */ = {isa = PBXBuildFile; fileRef = F62564783EEDF5E316CBAD77 /* Pods_GoodWeatherTests.framework */; };
		D9044D6327DC79770088E64E /* Constants.swift in Sources */ = {isa = PBXBuildFile; fileRef = D9044D6227DC79770088E64E /* Constants.swift */; };
		D9044D6727DC7ED80088E64E /* String+Additions.swift in Sources */ = {isa = PBXBuildFile; fileRef = D9044D6627DC7ED80088E64E /* String+Additions.swift */; };
		D9044D6927DC81130088E64E /* AddWeatherViewModel.swift in Sources */ = {isa = PBXBuildFile; fileRef = D9044D6827DC81130088E64E /* AddWeatherViewModel.swift */; };
		D9044D6B27DC88850088E64E /* WeatherListViewModel.swift in Sources */ = {isa = PBXBuildFile; fileRef = D9044D6A27DC88850088E64E /* WeatherListViewModel.swift */; };
		D9044D6D27DC8E440088E64E /* Double+Additions.swift in Sources */ = {isa = PBXBuildFile; fileRef = D9044D6C27DC8E440088E64E /* Double+Additions.swift */; };
		D9044D6F27DC92D30088E64E /* SettingTableViewController.swift in Sources */ = {isa = PBXBuildFile; fileRef = D9044D6E27DC92D30088E64E /* SettingTableViewController.swift */; };
		D9044D7127DC959E0088E64E /* SettingViewModel.swift in Sources */ = {isa = PBXBuildFile; fileRef = D9044D7027DC959E0088E64E /* SettingViewModel.swift */; };
		D90A62B027D2872400B22337 /* UITableViewCell+Additions.swift in Sources */ = {isa = PBXBuildFile; fileRef = D90A62AF27D2872400B22337 /* UITableViewCell+Additions.swift */; };
		D90A62B227D289D300B22337 /* AddWeatherCityView.swift in Sources */ = {isa = PBXBuildFile; fileRef = D90A62B127D289D300B22337 /* AddWeatherCityView.swift */; };
		D90A62B627D31D7E00B22337 /* Webservice.swift in Sources */ = {isa = PBXBuildFile; fileRef = D90A62B527D31D7E00B22337 /* Webservice.swift */; };
		D90A62BB27D32DEE00B22337 /* WeatherResponse.swift in Sources */ = {isa = PBXBuildFile; fileRef = D90A62BA27D32DEE00B22337 /* WeatherResponse.swift */; };
		D91AF76627E93EAB00D91E0A /* SettingViewModelTests.swift in Sources */ = {isa = PBXBuildFile; fileRef = D91AF76527E93EAB00D91E0A /* SettingViewModelTests.swift */; };
		D9348A6927D1224600A0C656 /* AppDelegate.swift in Sources */ = {isa = PBXBuildFile; fileRef = D9348A6827D1224600A0C656 /* AppDelegate.swift */; };
		D9348A6B27D1224600A0C656 /* SceneDelegate.swift in Sources */ = {isa = PBXBuildFile; fileRef = D9348A6A27D1224600A0C656 /* SceneDelegate.swift */; };
		D9348A7227D1224900A0C656 /* Assets.xcassets in Resources */ = {isa = PBXBuildFile; fileRef = D9348A7127D1224900A0C656 /* Assets.xcassets */; };
		D9348A7527D1224900A0C656 /* LaunchScreen.storyboard in Resources */ = {isa = PBXBuildFile; fileRef = D9348A7327D1224900A0C656 /* LaunchScreen.storyboard */; };
		D9348A7E27D122E100A0C656 /* WeaterListTableViewController.swift in Sources */ = {isa = PBXBuildFile; fileRef = D9348A7D27D122E100A0C656 /* WeaterListTableViewController.swift */; };
		D9348A8027D1247F00A0C656 /* AddWeatherCityViewController.swift in Sources */ = {isa = PBXBuildFile; fileRef = D9348A7F27D1247F00A0C656 /* AddWeatherCityViewController.swift */; };
		D9348A8327D126CB00A0C656 /* UIColor+Additions.swift in Sources */ = {isa = PBXBuildFile; fileRef = D9348A8227D126CB00A0C656 /* UIColor+Additions.swift */; };
		D9348A8627D12D5600A0C656 /* WeatherCell.swift in Sources */ = {isa = PBXBuildFile; fileRef = D9348A8527D12D5600A0C656 /* WeatherCell.swift */; };
		D987693A27EB847600CA57F9 /* WeatherListViewModelTests.swift in Sources */ = {isa = PBXBuildFile; fileRef = D987693927EB847600CA57F9 /* WeatherListViewModelTests.swift */; };
/* End PBXBuildFile section */

/* Begin PBXContainerItemProxy section */
		D91AF76027E93DEB00D91E0A /* PBXContainerItemProxy */ = {
			isa = PBXContainerItemProxy;
			containerPortal = D9348A5D27D1224600A0C656 /* Project object */;
			proxyType = 1;
			remoteGlobalIDString = D9348A6427D1224600A0C656;
			remoteInfo = GoodWeather;
		};
/* End PBXContainerItemProxy section */

/* Begin PBXFileReference section */
		21384D7D33BB0B3448EDFAF4 /* Pods-GoodWeatherTests.debug.xcconfig */ = {isa = PBXFileReference; includeInIndex = 1; lastKnownFileType = text.xcconfig; name = "Pods-GoodWeatherTests.debug.xcconfig"; path = "Target Support Files/Pods-GoodWeatherTests/Pods-GoodWeatherTests.debug.xcconfig"; sourceTree = "<group>"; };
		384CDFEB9B652A02BDCE3423 /* Pods-GoodWeatherTests.release.xcconfig */ = {isa = PBXFileReference; includeInIndex = 1; lastKnownFileType = text.xcconfig; name = "Pods-GoodWeatherTests.release.xcconfig"; path = "Target Support Files/Pods-GoodWeatherTests/Pods-GoodWeatherTests.release.xcconfig"; sourceTree = "<group>"; };
		962202F31DD2B67E649239B4 /* Pods-GoodWeather.release.xcconfig */ = {isa = PBXFileReference; includeInIndex = 1; lastKnownFileType = text.xcconfig; name = "Pods-GoodWeather.release.xcconfig"; path = "Target Support Files/Pods-GoodWeather/Pods-GoodWeather.release.xcconfig"; sourceTree = "<group>"; };
		BE130C72DC06F22A11450C33 /* Pods_GoodWeather.framework */ = {isa = PBXFileReference; explicitFileType = wrapper.framework; includeInIndex = 0; path = Pods_GoodWeather.framework; sourceTree = BUILT_PRODUCTS_DIR; };
		D866F42563DF48C867FC000F /* Pods-GoodWeather.debug.xcconfig */ = {isa = PBXFileReference; includeInIndex = 1; lastKnownFileType = text.xcconfig; name = "Pods-GoodWeather.debug.xcconfig"; path = "Target Support Files/Pods-GoodWeather/Pods-GoodWeather.debug.xcconfig"; sourceTree = "<group>"; };
		D9044D6227DC79770088E64E /* Constants.swift */ = {isa = PBXFileReference; lastKnownFileType = sourcecode.swift; path = Constants.swift; sourceTree = "<group>"; };
		D9044D6627DC7ED80088E64E /* String+Additions.swift */ = {isa = PBXFileReference; lastKnownFileType = sourcecode.swift; path = "String+Additions.swift"; sourceTree = "<group>"; };
		D9044D6827DC81130088E64E /* AddWeatherViewModel.swift */ = {isa = PBXFileReference; lastKnownFileType = sourcecode.swift; path = AddWeatherViewModel.swift; sourceTree = "<group>"; };
		D9044D6A27DC88850088E64E /* WeatherListViewModel.swift */ = {isa = PBXFileReference; lastKnownFileType = sourcecode.swift; path = WeatherListViewModel.swift; sourceTree = "<group>"; };
		D9044D6C27DC8E440088E64E /* Double+Additions.swift */ = {isa = PBXFileReference; lastKnownFileType = sourcecode.swift; path = "Double+Additions.swift"; sourceTree = "<group>"; };
		D9044D6E27DC92D30088E64E /* SettingTableViewController.swift */ = {isa = PBXFileReference; lastKnownFileType = sourcecode.swift; path = SettingTableViewController.swift; sourceTree = "<group>"; };
		D9044D7027DC959E0088E64E /* SettingViewModel.swift */ = {isa = PBXFileReference; lastKnownFileType = sourcecode.swift; path = SettingViewModel.swift; sourceTree = "<group>"; };
		D90A62AF27D2872400B22337 /* UITableViewCell+Additions.swift */ = {isa = PBXFileReference; lastKnownFileType = sourcecode.swift; path = "UITableViewCell+Additions.swift"; sourceTree = "<group>"; };
		D90A62B127D289D300B22337 /* AddWeatherCityView.swift */ = {isa = PBXFileReference; lastKnownFileType = sourcecode.swift; path = AddWeatherCityView.swift; sourceTree = "<group>"; };
		D90A62B527D31D7E00B22337 /* Webservice.swift */ = {isa = PBXFileReference; lastKnownFileType = sourcecode.swift; path = Webservice.swift; sourceTree = "<group>"; };
		D90A62BA27D32DEE00B22337 /* WeatherResponse.swift */ = {isa = PBXFileReference; lastKnownFileType = sourcecode.swift; path = WeatherResponse.swift; sourceTree = "<group>"; };
		D91AF75C27E93DEB00D91E0A /* GoodWeatherTests.xctest */ = {isa = PBXFileReference; explicitFileType = wrapper.cfbundle; includeInIndex = 0; path = GoodWeatherTests.xctest; sourceTree = BUILT_PRODUCTS_DIR; };
		D91AF76527E93EAB00D91E0A /* SettingViewModelTests.swift */ = {isa = PBXFileReference; lastKnownFileType = sourcecode.swift; path = SettingViewModelTests.swift; sourceTree = "<group>"; };
		D9348A6527D1224600A0C656 /* GoodWeather.app */ = {isa = PBXFileReference; explicitFileType = wrapper.application; includeInIndex = 0; path = GoodWeather.app; sourceTree = BUILT_PRODUCTS_DIR; };
		D9348A6827D1224600A0C656 /* AppDelegate.swift */ = {isa = PBXFileReference; lastKnownFileType = sourcecode.swift; path = AppDelegate.swift; sourceTree = "<group>"; };
		D9348A6A27D1224600A0C656 /* SceneDelegate.swift */ = {isa = PBXFileReference; lastKnownFileType = sourcecode.swift; path = SceneDelegate.swift; sourceTree = "<group>"; };
		D9348A7127D1224900A0C656 /* Assets.xcassets */ = {isa = PBXFileReference; lastKnownFileType = folder.assetcatalog; path = Assets.xcassets; sourceTree = "<group>"; };
		D9348A7427D1224900A0C656 /* Base */ = {isa = PBXFileReference; lastKnownFileType = file.storyboard; name = Base; path = Base.lproj/LaunchScreen.storyboard; sourceTree = "<group>"; };
		D9348A7627D1224900A0C656 /* Info.plist */ = {isa = PBXFileReference; lastKnownFileType = text.plist.xml; path = Info.plist; sourceTree = "<group>"; };
		D9348A7D27D122E100A0C656 /* WeaterListTableViewController.swift */ = {isa = PBXFileReference; lastKnownFileType = sourcecode.swift; path = WeaterListTableViewController.swift; sourceTree = "<group>"; };
		D9348A7F27D1247F00A0C656 /* AddWeatherCityViewController.swift */ = {isa = PBXFileReference; lastKnownFileType = sourcecode.swift; path = AddWeatherCityViewController.swift; sourceTree = "<group>"; };
		D9348A8227D126CB00A0C656 /* UIColor+Additions.swift */ = {isa = PBXFileReference; lastKnownFileType = sourcecode.swift; path = "UIColor+Additions.swift"; sourceTree = "<group>"; };
		D9348A8527D12D5600A0C656 /* WeatherCell.swift */ = {isa = PBXFileReference; lastKnownFileType = sourcecode.swift; path = WeatherCell.swift; sourceTree = "<group>"; };
		D987693927EB847600CA57F9 /* WeatherListViewModelTests.swift */ = {isa = PBXFileReference; lastKnownFileType = sourcecode.swift; path = WeatherListViewModelTests.swift; sourceTree = "<group>"; };
		F62564783EEDF5E316CBAD77 /* Pods_GoodWeatherTests.framework */ = {isa = PBXFileReference; explicitFileType = wrapper.framework; includeInIndex = 0; path = Pods_GoodWeatherTests.framework; sourceTree = BUILT_PRODUCTS_DIR; };
/* End PBXFileReference section */

/* Begin PBXFrameworksBuildPhase section */
		D91AF75927E93DEB00D91E0A /* Frameworks */ = {
			isa = PBXFrameworksBuildPhase;
			buildActionMask = 2147483647;
			files = (
				D2D1703ED3CAD16076958446 /* Pods_GoodWeatherTests.framework in Frameworks */,
			);
			runOnlyForDeploymentPostprocessing = 0;
		};
		D9348A6227D1224600A0C656 /* Frameworks */ = {
			isa = PBXFrameworksBuildPhase;
			buildActionMask = 2147483647;
			files = (
				098E30DE952BF30057CC86B3 /* Pods_GoodWeather.framework in Frameworks */,
			);
			runOnlyForDeploymentPostprocessing = 0;
		};
/* End PBXFrameworksBuildPhase section */

/* Begin PBXGroup section */
		274C1DBF6437CAAA38C4ACC0 /* Frameworks */ = {
			isa = PBXGroup;
			children = (
				BE130C72DC06F22A11450C33 /* Pods_GoodWeather.framework */,
				F62564783EEDF5E316CBAD77 /* Pods_GoodWeatherTests.framework */,
			);
			name = Frameworks;
			sourceTree = "<group>";
		};
		D9044D6027DC79440088E64E /* ViewModel */ = {
			isa = PBXGroup;
			children = (
				D9044D6827DC81130088E64E /* AddWeatherViewModel.swift */,
				D9044D6A27DC88850088E64E /* WeatherListViewModel.swift */,
				D9044D7027DC959E0088E64E /* SettingViewModel.swift */,
			);
			path = ViewModel;
			sourceTree = "<group>";
		};
		D9044D6127DC794D0088E64E /* Utils */ = {
			isa = PBXGroup;
			children = (
				D9044D6227DC79770088E64E /* Constants.swift */,
			);
			path = Utils;
			sourceTree = "<group>";
		};
		D90A62B327D31D5F00B22337 /* Service */ = {
			isa = PBXGroup;
			children = (
				D90A62B527D31D7E00B22337 /* Webservice.swift */,
			);
			path = Service;
			sourceTree = "<group>";
		};
		D90A62B727D32DB700B22337 /* Model */ = {
			isa = PBXGroup;
			children = (
				D90A62BA27D32DEE00B22337 /* WeatherResponse.swift */,
			);
			path = Model;
			sourceTree = "<group>";
		};
		D91AF75D27E93DEB00D91E0A /* GoodWeatherTests */ = {
			isa = PBXGroup;
			children = (
				D91AF76527E93EAB00D91E0A /* SettingViewModelTests.swift */,
				D987693927EB847600CA57F9 /* WeatherListViewModelTests.swift */,
			);
			path = GoodWeatherTests;
			sourceTree = "<group>";
		};
		D9348A5C27D1224600A0C656 = {
			isa = PBXGroup;
			children = (
				D9348A6727D1224600A0C656 /* GoodWeather */,
				D91AF75D27E93DEB00D91E0A /* GoodWeatherTests */,
				D9348A6627D1224600A0C656 /* Products */,
				DFD0418E618D834D1BD86151 /* Pods */,
				274C1DBF6437CAAA38C4ACC0 /* Frameworks */,
			);
			sourceTree = "<group>";
		};
		D9348A6627D1224600A0C656 /* Products */ = {
			isa = PBXGroup;
			children = (
				D9348A6527D1224600A0C656 /* GoodWeather.app */,
				D91AF75C27E93DEB00D91E0A /* GoodWeatherTests.xctest */,
			);
			name = Products;
			sourceTree = "<group>";
		};
		D9348A6727D1224600A0C656 /* GoodWeather */ = {
			isa = PBXGroup;
			children = (
				D9348A6827D1224600A0C656 /* AppDelegate.swift */,
				D9348A6A27D1224600A0C656 /* SceneDelegate.swift */,
				D9044D6127DC794D0088E64E /* Utils */,
				D9044D6027DC79440088E64E /* ViewModel */,
				D90A62B727D32DB700B22337 /* Model */,
				D90A62B327D31D5F00B22337 /* Service */,
				D9348A8127D126B700A0C656 /* Extension */,
				D9348A7C27D122C200A0C656 /* ViewController */,
				D9348A8427D12D3700A0C656 /* View */,
				D9348A7127D1224900A0C656 /* Assets.xcassets */,
				D9348A7327D1224900A0C656 /* LaunchScreen.storyboard */,
				D9348A7627D1224900A0C656 /* Info.plist */,
			);
			path = GoodWeather;
			sourceTree = "<group>";
		};
		D9348A7C27D122C200A0C656 /* ViewController */ = {
			isa = PBXGroup;
			children = (
				D9348A7D27D122E100A0C656 /* WeaterListTableViewController.swift */,
				D9348A7F27D1247F00A0C656 /* AddWeatherCityViewController.swift */,
				D9044D6E27DC92D30088E64E /* SettingTableViewController.swift */,
			);
			path = ViewController;
			sourceTree = "<group>";
		};
		D9348A8127D126B700A0C656 /* Extension */ = {
			isa = PBXGroup;
			children = (
				D9348A8227D126CB00A0C656 /* UIColor+Additions.swift */,
				D90A62AF27D2872400B22337 /* UITableViewCell+Additions.swift */,
				D9044D6627DC7ED80088E64E /* String+Additions.swift */,
				D9044D6C27DC8E440088E64E /* Double+Additions.swift */,
			);
			path = Extension;
			sourceTree = "<group>";
		};
		D9348A8427D12D3700A0C656 /* View */ = {
			isa = PBXGroup;
			children = (
				D9348A8527D12D5600A0C656 /* WeatherCell.swift */,
				D90A62B127D289D300B22337 /* AddWeatherCityView.swift */,
			);
			path = View;
			sourceTree = "<group>";
		};
		DFD0418E618D834D1BD86151 /* Pods */ = {
			isa = PBXGroup;
			children = (
				D866F42563DF48C867FC000F /* Pods-GoodWeather.debug.xcconfig */,
				962202F31DD2B67E649239B4 /* Pods-GoodWeather.release.xcconfig */,
				21384D7D33BB0B3448EDFAF4 /* Pods-GoodWeatherTests.debug.xcconfig */,
				384CDFEB9B652A02BDCE3423 /* Pods-GoodWeatherTests.release.xcconfig */,
			);
			path = Pods;
			sourceTree = "<group>";
		};
/* End PBXGroup section */

/* Begin PBXNativeTarget section */
		D91AF75B27E93DEB00D91E0A /* GoodWeatherTests */ = {
			isa = PBXNativeTarget;
			buildConfigurationList = D91AF76427E93DEB00D91E0A /* Build configuration list for PBXNativeTarget "GoodWeatherTests" */;
			buildPhases = (
				07C25C95EA81C6C6957F53D1 /* [CP] Check Pods Manifest.lock */,
				D91AF75827E93DEB00D91E0A /* Sources */,
				D91AF75927E93DEB00D91E0A /* Frameworks */,
				D91AF75A27E93DEB00D91E0A /* Resources */,
			);
			buildRules = (
			);
			dependencies = (
				D91AF76127E93DEB00D91E0A /* PBXTargetDependency */,
			);
			name = GoodWeatherTests;
			productName = GoodWeatherTests;
			productReference = D91AF75C27E93DEB00D91E0A /* GoodWeatherTests.xctest */;
			productType = "com.apple.product-type.bundle.unit-test";
		};
		D9348A6427D1224600A0C656 /* GoodWeather */ = {
			isa = PBXNativeTarget;
			buildConfigurationList = D9348A7927D1224900A0C656 /* Build configuration list for PBXNativeTarget "GoodWeather" */;
			buildPhases = (
				CAA65DE46AB2E2EC0A32C42A /* [CP] Check Pods Manifest.lock */,
				D9348A6127D1224600A0C656 /* Sources */,
				D9348A6227D1224600A0C656 /* Frameworks */,
				D9348A6327D1224600A0C656 /* Resources */,
				01B94B25101AC71A646108AB /* [CP] Embed Pods Frameworks */,
			);
			buildRules = (
			);
			dependencies = (
			);
			name = GoodWeather;
			productName = GoodWeather;
			productReference = D9348A6527D1224600A0C656 /* GoodWeather.app */;
			productType = "com.apple.product-type.application";
		};
/* End PBXNativeTarget section */

/* Begin PBXProject section */
		D9348A5D27D1224600A0C656 /* Project object */ = {
			isa = PBXProject;
			attributes = {
				BuildIndependentTargetsInParallel = 1;
				LastSwiftUpdateCheck = 1320;
				LastUpgradeCheck = 1310;
				TargetAttributes = {
					D91AF75B27E93DEB00D91E0A = {
						CreatedOnToolsVersion = 13.2.1;
						TestTargetID = D9348A6427D1224600A0C656;
					};
					D9348A6427D1224600A0C656 = {
						CreatedOnToolsVersion = 13.1;
					};
				};
			};
			buildConfigurationList = D9348A6027D1224600A0C656 /* Build configuration list for PBXProject "GoodWeather" */;
			compatibilityVersion = "Xcode 13.0";
			developmentRegion = en;
			hasScannedForEncodings = 0;
			knownRegions = (
				en,
				Base,
			);
			mainGroup = D9348A5C27D1224600A0C656;
			productRefGroup = D9348A6627D1224600A0C656 /* Products */;
			projectDirPath = "";
			projectRoot = "";
			targets = (
				D9348A6427D1224600A0C656 /* GoodWeather */,
				D91AF75B27E93DEB00D91E0A /* GoodWeatherTests */,
			);
		};
/* End PBXProject section */

/* Begin PBXResourcesBuildPhase section */
		D91AF75A27E93DEB00D91E0A /* Resources */ = {
			isa = PBXResourcesBuildPhase;
			buildActionMask = 2147483647;
			files = (
			);
			runOnlyForDeploymentPostprocessing = 0;
		};
		D9348A6327D1224600A0C656 /* Resources */ = {
			isa = PBXResourcesBuildPhase;
			buildActionMask = 2147483647;
			files = (
				D9348A7527D1224900A0C656 /* LaunchScreen.storyboard in Resources */,
				D9348A7227D1224900A0C656 /* Assets.xcassets in Resources */,
			);
			runOnlyForDeploymentPostprocessing = 0;
		};
/* End PBXResourcesBuildPhase section */

/* Begin PBXShellScriptBuildPhase section */
		01B94B25101AC71A646108AB /* [CP] Embed Pods Frameworks */ = {
			isa = PBXShellScriptBuildPhase;
			buildActionMask = 2147483647;
			files = (
			);
			inputFileListPaths = (
				"${PODS_ROOT}/Target Support Files/Pods-GoodWeather/Pods-GoodWeather-frameworks-${CONFIGURATION}-input-files.xcfilelist",
			);
			name = "[CP] Embed Pods Frameworks";
			outputFileListPaths = (
				"${PODS_ROOT}/Target Support Files/Pods-GoodWeather/Pods-GoodWeather-frameworks-${CONFIGURATION}-output-files.xcfilelist",
			);
			runOnlyForDeploymentPostprocessing = 0;
			shellPath = /bin/sh;
			shellScript = "\"${PODS_ROOT}/Target Support Files/Pods-GoodWeather/Pods-GoodWeather-frameworks.sh\"\n";
			showEnvVarsInLog = 0;
		};
		07C25C95EA81C6C6957F53D1 /* [CP] Check Pods Manifest.lock */ = {
			isa = PBXShellScriptBuildPhase;
			buildActionMask = 2147483647;
			files = (
			);
			inputFileListPaths = (
			);
			inputPaths = (
				"${PODS_PODFILE_DIR_PATH}/Podfile.lock",
				"${PODS_ROOT}/Manifest.lock",
			);
			name = "[CP] Check Pods Manifest.lock";
			outputFileListPaths = (
			);
			outputPaths = (
				"$(DERIVED_FILE_DIR)/Pods-GoodWeatherTests-checkManifestLockResult.txt",
			);
			runOnlyForDeploymentPostprocessing = 0;
			shellPath = /bin/sh;
			shellScript = "diff \"${PODS_PODFILE_DIR_PATH}/Podfile.lock\" \"${PODS_ROOT}/Manifest.lock\" > /dev/null\nif [ $? != 0 ] ; then\n    # print error to STDERR\n    echo \"error: The sandbox is not in sync with the Podfile.lock. Run 'pod install' or update your CocoaPods installation.\" >&2\n    exit 1\nfi\n# This output is used by Xcode 'outputs' to avoid re-running this script phase.\necho \"SUCCESS\" > \"${SCRIPT_OUTPUT_FILE_0}\"\n";
			showEnvVarsInLog = 0;
		};
		CAA65DE46AB2E2EC0A32C42A /* [CP] Check Pods Manifest.lock */ = {
			isa = PBXShellScriptBuildPhase;
			buildActionMask = 2147483647;
			files = (
			);
			inputFileListPaths = (
			);
			inputPaths = (
				"${PODS_PODFILE_DIR_PATH}/Podfile.lock",
				"${PODS_ROOT}/Manifest.lock",
			);
			name = "[CP] Check Pods Manifest.lock";
			outputFileListPaths = (
			);
			outputPaths = (
				"$(DERIVED_FILE_DIR)/Pods-GoodWeather-checkManifestLockResult.txt",
			);
			runOnlyForDeploymentPostprocessing = 0;
			shellPath = /bin/sh;
			shellScript = "diff \"${PODS_PODFILE_DIR_PATH}/Podfile.lock\" \"${PODS_ROOT}/Manifest.lock\" > /dev/null\nif [ $? != 0 ] ; then\n    # print error to STDERR\n    echo \"error: The sandbox is not in sync with the Podfile.lock. Run 'pod install' or update your CocoaPods installation.\" >&2\n    exit 1\nfi\n# This output is used by Xcode 'outputs' to avoid re-running this script phase.\necho \"SUCCESS\" > \"${SCRIPT_OUTPUT_FILE_0}\"\n";
			showEnvVarsInLog = 0;
		};
/* End PBXShellScriptBuildPhase section */

/* Begin PBXSourcesBuildPhase section */
		D91AF75827E93DEB00D91E0A /* Sources */ = {
			isa = PBXSourcesBuildPhase;
			buildActionMask = 2147483647;
			files = (
				D91AF76627E93EAB00D91E0A /* SettingViewModelTests.swift in Sources */,
				D987693A27EB847600CA57F9 /* WeatherListViewModelTests.swift in Sources */,
			);
			runOnlyForDeploymentPostprocessing = 0;
		};
		D9348A6127D1224600A0C656 /* Sources */ = {
			isa = PBXSourcesBuildPhase;
			buildActionMask = 2147483647;
			files = (
				D9044D6F27DC92D30088E64E /* SettingTableViewController.swift in Sources */,
				D90A62B227D289D300B22337 /* AddWeatherCityView.swift in Sources */,
				D9044D6327DC79770088E64E /* Constants.swift in Sources */,
				D9044D6727DC7ED80088E64E /* String+Additions.swift in Sources */,
				D9044D6B27DC88850088E64E /* WeatherListViewModel.swift in Sources */,
				D90A62BB27D32DEE00B22337 /* WeatherResponse.swift in Sources */,
				D9044D7127DC959E0088E64E /* SettingViewModel.swift in Sources */,
				D9044D6D27DC8E440088E64E /* Double+Additions.swift in Sources */,
				D9348A7E27D122E100A0C656 /* WeaterListTableViewController.swift in Sources */,
				D9348A8327D126CB00A0C656 /* UIColor+Additions.swift in Sources */,
				D9348A8627D12D5600A0C656 /* WeatherCell.swift in Sources */,
				D9348A6927D1224600A0C656 /* AppDelegate.swift in Sources */,
				D90A62B027D2872400B22337 /* UITableViewCell+Additions.swift in Sources */,
				D9348A8027D1247F00A0C656 /* AddWeatherCityViewController.swift in Sources */,
				D9348A6B27D1224600A0C656 /* SceneDelegate.swift in Sources */,
				D90A62B627D31D7E00B22337 /* Webservice.swift in Sources */,
				D9044D6927DC81130088E64E /* AddWeatherViewModel.swift in Sources */,
			);
			runOnlyForDeploymentPostprocessing = 0;
		};
/* End PBXSourcesBuildPhase section */

/* Begin PBXTargetDependency section */
		D91AF76127E93DEB00D91E0A /* PBXTargetDependency */ = {
			isa = PBXTargetDependency;
			target = D9348A6427D1224600A0C656 /* GoodWeather */;
			targetProxy = D91AF76027E93DEB00D91E0A /* PBXContainerItemProxy */;
		};
/* End PBXTargetDependency section */

/* Begin PBXVariantGroup section */
		D9348A7327D1224900A0C656 /* LaunchScreen.storyboard */ = {
			isa = PBXVariantGroup;
			children = (
				D9348A7427D1224900A0C656 /* Base */,
			);
			name = LaunchScreen.storyboard;
			sourceTree = "<group>";
		};
/* End PBXVariantGroup section */

/* Begin XCBuildConfiguration section */
		D91AF76227E93DEB00D91E0A /* Debug */ = {
			isa = XCBuildConfiguration;
			baseConfigurationReference = 21384D7D33BB0B3448EDFAF4 /* Pods-GoodWeatherTests.debug.xcconfig */;
			buildSettings = {
				BUNDLE_LOADER = "$(TEST_HOST)";
				CODE_SIGN_STYLE = Automatic;
				CURRENT_PROJECT_VERSION = 1;
				DEVELOPMENT_TEAM = 79T4246ALJ;
				GENERATE_INFOPLIST_FILE = YES;
				IPHONEOS_DEPLOYMENT_TARGET = 15.2;
				MARKETING_VERSION = 1.0;
				PRODUCT_BUNDLE_IDENTIFIER = tomtung.GoodWeatherTests;
				PRODUCT_NAME = "$(TARGET_NAME)";
				SWIFT_EMIT_LOC_STRINGS = NO;
				SWIFT_VERSION = 5.0;
				TARGETED_DEVICE_FAMILY = "1,2";
				TEST_HOST = "$(BUILT_PRODUCTS_DIR)/GoodWeather.app/GoodWeather";
			};
			name = Debug;
		};
		D91AF76327E93DEB00D91E0A /* Release */ = {
			isa = XCBuildConfiguration;
			baseConfigurationReference = 384CDFEB9B652A02BDCE3423 /* Pods-GoodWeatherTests.release.xcconfig */;
			buildSettings = {
				BUNDLE_LOADER = "$(TEST_HOST)";
				CODE_SIGN_STYLE = Automatic;
				CURRENT_PROJECT_VERSION = 1;
				DEVELOPMENT_TEAM = 79T4246ALJ;
				GENERATE_INFOPLIST_FILE = YES;
				IPHONEOS_DEPLOYMENT_TARGET = 15.2;
				MARKETING_VERSION = 1.0;
				PRODUCT_BUNDLE_IDENTIFIER = tomtung.GoodWeatherTests;
				PRODUCT_NAME = "$(TARGET_NAME)";
				SWIFT_EMIT_LOC_STRINGS = NO;
				SWIFT_VERSION = 5.0;
				TARGETED_DEVICE_FAMILY = "1,2";
				TEST_HOST = "$(BUILT_PRODUCTS_DIR)/GoodWeather.app/GoodWeather";
			};
			name = Release;
		};
		D9348A7727D1224900A0C656 /* Debug */ = {
			isa = XCBuildConfiguration;
			buildSettings = {
				ALWAYS_SEARCH_USER_PATHS = NO;
				CLANG_ANALYZER_NONNULL = YES;
				CLANG_ANALYZER_NUMBER_OBJECT_CONVERSION = YES_AGGRESSIVE;
				CLANG_CXX_LANGUAGE_STANDARD = "gnu++17";
				CLANG_CXX_LIBRARY = "libc++";
				CLANG_ENABLE_MODULES = YES;
				CLANG_ENABLE_OBJC_ARC = YES;
				CLANG_ENABLE_OBJC_WEAK = YES;
				CLANG_WARN_BLOCK_CAPTURE_AUTORELEASING = YES;
				CLANG_WARN_BOOL_CONVERSION = YES;
				CLANG_WARN_COMMA = YES;
				CLANG_WARN_CONSTANT_CONVERSION = YES;
				CLANG_WARN_DEPRECATED_OBJC_IMPLEMENTATIONS = YES;
				CLANG_WARN_DIRECT_OBJC_ISA_USAGE = YES_ERROR;
				CLANG_WARN_DOCUMENTATION_COMMENTS = YES;
				CLANG_WARN_EMPTY_BODY = YES;
				CLANG_WARN_ENUM_CONVERSION = YES;
				CLANG_WARN_INFINITE_RECURSION = YES;
				CLANG_WARN_INT_CONVERSION = YES;
				CLANG_WARN_NON_LITERAL_NULL_CONVERSION = YES;
				CLANG_WARN_OBJC_IMPLICIT_RETAIN_SELF = YES;
				CLANG_WARN_OBJC_LITERAL_CONVERSION = YES;
				CLANG_WARN_OBJC_ROOT_CLASS = YES_ERROR;
				CLANG_WARN_QUOTED_INCLUDE_IN_FRAMEWORK_HEADER = YES;
				CLANG_WARN_RANGE_LOOP_ANALYSIS = YES;
				CLANG_WARN_STRICT_PROTOTYPES = YES;
				CLANG_WARN_SUSPICIOUS_MOVE = YES;
				CLANG_WARN_UNGUARDED_AVAILABILITY = YES_AGGRESSIVE;
				CLANG_WARN_UNREACHABLE_CODE = YES;
				CLANG_WARN__DUPLICATE_METHOD_MATCH = YES;
				COPY_PHASE_STRIP = NO;
				DEBUG_INFORMATION_FORMAT = dwarf;
				ENABLE_STRICT_OBJC_MSGSEND = YES;
				ENABLE_TESTABILITY = YES;
				GCC_C_LANGUAGE_STANDARD = gnu11;
				GCC_DYNAMIC_NO_PIC = NO;
				GCC_NO_COMMON_BLOCKS = YES;
				GCC_OPTIMIZATION_LEVEL = 0;
				GCC_PREPROCESSOR_DEFINITIONS = (
					"DEBUG=1",
					"$(inherited)",
				);
				GCC_WARN_64_TO_32_BIT_CONVERSION = YES;
				GCC_WARN_ABOUT_RETURN_TYPE = YES_ERROR;
				GCC_WARN_UNDECLARED_SELECTOR = YES;
				GCC_WARN_UNINITIALIZED_AUTOS = YES_AGGRESSIVE;
				GCC_WARN_UNUSED_FUNCTION = YES;
				GCC_WARN_UNUSED_VARIABLE = YES;
				IPHONEOS_DEPLOYMENT_TARGET = 15.0;
				MTL_ENABLE_DEBUG_INFO = INCLUDE_SOURCE;
				MTL_FAST_MATH = YES;
				ONLY_ACTIVE_ARCH = YES;
				SDKROOT = iphoneos;
				SWIFT_ACTIVE_COMPILATION_CONDITIONS = DEBUG;
				SWIFT_OPTIMIZATION_LEVEL = "-Onone";
			};
			name = Debug;
		};
		D9348A7827D1224900A0C656 /* Release */ = {
			isa = XCBuildConfiguration;
			buildSettings = {
				ALWAYS_SEARCH_USER_PATHS = NO;
				CLANG_ANALYZER_NONNULL = YES;
				CLANG_ANALYZER_NUMBER_OBJECT_CONVERSION = YES_AGGRESSIVE;
				CLANG_CXX_LANGUAGE_STANDARD = "gnu++17";
				CLANG_CXX_LIBRARY = "libc++";
				CLANG_ENABLE_MODULES = YES;
				CLANG_ENABLE_OBJC_ARC = YES;
				CLANG_ENABLE_OBJC_WEAK = YES;
				CLANG_WARN_BLOCK_CAPTURE_AUTORELEASING = YES;
				CLANG_WARN_BOOL_CONVERSION = YES;
				CLANG_WARN_COMMA = YES;
				CLANG_WARN_CONSTANT_CONVERSION = YES;
				CLANG_WARN_DEPRECATED_OBJC_IMPLEMENTATIONS = YES;
				CLANG_WARN_DIRECT_OBJC_ISA_USAGE = YES_ERROR;
				CLANG_WARN_DOCUMENTATION_COMMENTS = YES;
				CLANG_WARN_EMPTY_BODY = YES;
				CLANG_WARN_ENUM_CONVERSION = YES;
				CLANG_WARN_INFINITE_RECURSION = YES;
				CLANG_WARN_INT_CONVERSION = YES;
				CLANG_WARN_NON_LITERAL_NULL_CONVERSION = YES;
				CLANG_WARN_OBJC_IMPLICIT_RETAIN_SELF = YES;
				CLANG_WARN_OBJC_LITERAL_CONVERSION = YES;
				CLANG_WARN_OBJC_ROOT_CLASS = YES_ERROR;
				CLANG_WARN_QUOTED_INCLUDE_IN_FRAMEWORK_HEADER = YES;
				CLANG_WARN_RANGE_LOOP_ANALYSIS = YES;
				CLANG_WARN_STRICT_PROTOTYPES = YES;
				CLANG_WARN_SUSPICIOUS_MOVE = YES;
				CLANG_WARN_UNGUARDED_AVAILABILITY = YES_AGGRESSIVE;
				CLANG_WARN_UNREACHABLE_CODE = YES;
				CLANG_WARN__DUPLICATE_METHOD_MATCH = YES;
				COPY_PHASE_STRIP = NO;
				DEBUG_INFORMATION_FORMAT = "dwarf-with-dsym";
				ENABLE_NS_ASSERTIONS = NO;
				ENABLE_STRICT_OBJC_MSGSEND = YES;
				GCC_C_LANGUAGE_STANDARD = gnu11;
				GCC_NO_COMMON_BLOCKS = YES;
				GCC_WARN_64_TO_32_BIT_CONVERSION = YES;
				GCC_WARN_ABOUT_RETURN_TYPE = YES_ERROR;
				GCC_WARN_UNDECLARED_SELECTOR = YES;
				GCC_WARN_UNINITIALIZED_AUTOS = YES_AGGRESSIVE;
				GCC_WARN_UNUSED_FUNCTION = YES;
				GCC_WARN_UNUSED_VARIABLE = YES;
				IPHONEOS_DEPLOYMENT_TARGET = 15.0;
				MTL_ENABLE_DEBUG_INFO = NO;
				MTL_FAST_MATH = YES;
				SDKROOT = iphoneos;
				SWIFT_COMPILATION_MODE = wholemodule;
				SWIFT_OPTIMIZATION_LEVEL = "-O";
				VALIDATE_PRODUCT = YES;
			};
			name = Release;
		};
		D9348A7A27D1224900A0C656 /* Debug */ = {
			isa = XCBuildConfiguration;
			baseConfigurationReference = D866F42563DF48C867FC000F /* Pods-GoodWeather.debug.xcconfig */;
			buildSettings = {
				ASSETCATALOG_COMPILER_APPICON_NAME = AppIcon;
				ASSETCATALOG_COMPILER_GLOBAL_ACCENT_COLOR_NAME = AccentColor;
				CODE_SIGN_STYLE = Automatic;
				CURRENT_PROJECT_VERSION = 1;
				DEVELOPMENT_TEAM = 79T4246ALJ;
				EXCLUDED_ARCHS = arm64;
				GENERATE_INFOPLIST_FILE = YES;
				INFOPLIST_FILE = GoodWeather/Info.plist;
				INFOPLIST_KEY_UIApplicationSupportsIndirectInputEvents = YES;
				INFOPLIST_KEY_UILaunchStoryboardName = LaunchScreen;
				INFOPLIST_KEY_UISupportedInterfaceOrientations_iPad = "UIInterfaceOrientationPortrait UIInterfaceOrientationPortraitUpsideDown UIInterfaceOrientationLandscapeLeft UIInterfaceOrientationLandscapeRight";
				INFOPLIST_KEY_UISupportedInterfaceOrientations_iPhone = "UIInterfaceOrientationPortrait UIInterfaceOrientationLandscapeLeft UIInterfaceOrientationLandscapeRight";
				LD_RUNPATH_SEARCH_PATHS = (
					"$(inherited)",
					"@executable_path/Frameworks",
				);
				MARKETING_VERSION = 1.0;
				PRODUCT_BUNDLE_IDENTIFIER = com.tomtung.GoodWeather;
				PRODUCT_NAME = "$(TARGET_NAME)";
				SWIFT_EMIT_LOC_STRINGS = YES;
				SWIFT_VERSION = 5.0;
				TARGETED_DEVICE_FAMILY = "1,2";
			};
			name = Debug;
		};
		D9348A7B27D1224900A0C656 /* Release */ = {
			isa = XCBuildConfiguration;
			baseConfigurationReference = 962202F31DD2B67E649239B4 /* Pods-GoodWeather.release.xcconfig */;
			buildSettings = {
				ASSETCATALOG_COMPILER_APPICON_NAME = AppIcon;
				ASSETCATALOG_COMPILER_GLOBAL_ACCENT_COLOR_NAME = AccentColor;
				CODE_SIGN_STYLE = Automatic;
				CURRENT_PROJECT_VERSION = 1;
				DEVELOPMENT_TEAM = 79T4246ALJ;
				EXCLUDED_ARCHS = arm64;
				GENERATE_INFOPLIST_FILE = YES;
				INFOPLIST_FILE = GoodWeather/Info.plist;
				INFOPLIST_KEY_UIApplicationSupportsIndirectInputEvents = YES;
				INFOPLIST_KEY_UILaunchStoryboardName = LaunchScreen;
				INFOPLIST_KEY_UISupportedInterfaceOrientations_iPad = "UIInterfaceOrientationPortrait UIInterfaceOrientationPortraitUpsideDown UIInterfaceOrientationLandscapeLeft UIInterfaceOrientationLandscapeRight";
				INFOPLIST_KEY_UISupportedInterfaceOrientations_iPhone = "UIInterfaceOrientationPortrait UIInterfaceOrientationLandscapeLeft UIInterfaceOrientationLandscapeRight";
				LD_RUNPATH_SEARCH_PATHS = (
					"$(inherited)",
					"@executable_path/Frameworks",
				);
				MARKETING_VERSION = 1.0;
				PRODUCT_BUNDLE_IDENTIFIER = com.tomtung.GoodWeather;
				PRODUCT_NAME = "$(TARGET_NAME)";
				SWIFT_EMIT_LOC_STRINGS = YES;
				SWIFT_VERSION = 5.0;
				TARGETED_DEVICE_FAMILY = "1,2";
			};
			name = Release;
		};
/* End XCBuildConfiguration section */

/* Begin XCConfigurationList section */
		D91AF76427E93DEB00D91E0A /* Build configuration list for PBXNativeTarget "GoodWeatherTests" */ = {
			isa = XCConfigurationList;
			buildConfigurations = (
				D91AF76227E93DEB00D91E0A /* Debug */,
				D91AF76327E93DEB00D91E0A /* Release */,
			);
			defaultConfigurationIsVisible = 0;
			defaultConfigurationName = Release;
		};
		D9348A6027D1224600A0C656 /* Build configuration list for PBXProject "GoodWeather" */ = {
			isa = XCConfigurationList;
			buildConfigurations = (
				D9348A7727D1224900A0C656 /* Debug */,
				D9348A7827D1224900A0C656 /* Release */,
			);
			defaultConfigurationIsVisible = 0;
			defaultConfigurationName = Release;
		};
		D9348A7927D1224900A0C656 /* Build configuration list for PBXNativeTarget "GoodWeather" */ = {
			isa = XCConfigurationList;
			buildConfigurations = (
				D9348A7A27D1224900A0C656 /* Debug */,
				D9348A7B27D1224900A0C656 /* Release */,
			);
			defaultConfigurationIsVisible = 0;
			defaultConfigurationName = Release;
		};
/* End XCConfigurationList section */
	};
	rootObject = D9348A5D27D1224600A0C656 /* Project object */;
}
